
Microsoft Visual Studio Solution File, Format Version 12.00
# Visual Studio Version 16
VisualStudioVersion = 16.0.31605.320
MinimumVisualStudioVersion = 10.0.40219.1
Project("{9A19103F-16F7-4668-BE54-9A1E7A4F7556}") = "RozetkaPageFactoryParallel", "RozetkaPageFactoryParallel.csproj", "{E89DE902-9655-445E-833C-20BDB43A094F}"
EndProject
Global
	GlobalSection(SolutionConfigurationPlatforms) = preSolution
		Debug|Any CPU = Debug|Any CPU
		Release|Any CPU = Release|Any CPU
	EndGlobalSection
	GlobalSection(ProjectConfigurationPlatforms) = postSolution
		{E89DE902-9655-445E-833C-20BDB43A094F}.Debug|Any CPU.ActiveCfg = Debug|Any CPU
		{E89DE902-9655-445E-833C-20BDB43A094F}.Debug|Any CPU.Build.0 = Debug|Any CPU
		{E89DE902-9655-445E-833C-20BDB43A094F}.Release|Any CPU.ActiveCfg = Release|Any CPU
		{E89DE902-9655-445E-833C-20BDB43A094F}.Release|Any CPU.Build.0 = Release|Any CPU
	EndGlobalSection
	GlobalSection(SolutionProperties) = preSolution
		HideSolutionNode = FALSE
	EndGlobalSection
	GlobalSection(ExtensibilityGlobals) = postSolution
		SolutionGuid = {3625100F-5062-4074-9935-4B3C87E910E4}
	EndGlobalSection
EndGlobal
